
Microsoft Visual Studio Solution File, Format Version 12.00
# Visual Studio Version 16
VisualStudioVersion = 16.0.30413.136
MinimumVisualStudioVersion = 10.0.40219.1
Project("{9A19103F-16F7-4668-BE54-9A1E7A4F7556}") = "Datr", "Datr\Datr.csproj", "{BD3EBD7C-83F9-47FB-8F41-9C38615096CE}"
EndProject
Project("{FAE04EC0-301F-11D3-BF4B-00C04F79EFBC}") = "Datr.Test", "Datr.Test\Datr.Test.csproj", "{334ACD4F-023F-43C9-81D1-CB2206FF8E99}"
EndProject
Global
	GlobalSection(SolutionConfigurationPlatforms) = preSolution
		Debug|Any CPU = Debug|Any CPU
		Release|Any CPU = Release|Any CPU
	EndGlobalSection
	GlobalSection(ProjectConfigurationPlatforms) = postSolution
		{BD3EBD7C-83F9-47FB-8F41-9C38615096CE}.Debug|Any CPU.ActiveCfg = Debug|Any CPU
		{BD3EBD7C-83F9-47FB-8F41-9C38615096CE}.Debug|Any CPU.Build.0 = Debug|Any CPU
		{BD3EBD7C-83F9-47FB-8F41-9C38615096CE}.Release|Any CPU.ActiveCfg = Release|Any CPU
		{BD3EBD7C-83F9-47FB-8F41-9C38615096CE}.Release|Any CPU.Build.0 = Release|Any CPU
		{334ACD4F-023F-43C9-81D1-CB2206FF8E99}.Debug|Any CPU.ActiveCfg = Debug|Any CPU
		{334ACD4F-023F-43C9-81D1-CB2206FF8E99}.Debug|Any CPU.Build.0 = Debug|Any CPU
		{334ACD4F-023F-43C9-81D1-CB2206FF8E99}.Release|Any CPU.ActiveCfg = Release|Any CPU
		{334ACD4F-023F-43C9-81D1-CB2206FF8E99}.Release|Any CPU.Build.0 = Release|Any CPU
	EndGlobalSection
	GlobalSection(SolutionProperties) = preSolution
		HideSolutionNode = FALSE
	EndGlobalSection
	GlobalSection(ExtensibilityGlobals) = postSolution
		SolutionGuid = {F3B0C3CD-94AD-4B3A-9332-3F1DE466FEB2}
	EndGlobalSection
EndGlobal
